
Microsoft Visual Studio Solution File, Format Version 12.00
# Visual Studio 15
VisualStudioVersion = 15.0.26730.12
MinimumVisualStudioVersion = 10.0.40219.1
Project("{FAE04EC0-301F-11D3-BF4B-00C04F79EFBC}") = "Filme", "Filme\Filme.csproj", "{460A8281-B633-4C99-8FC7-E98F5FC44A08}"
EndProject
Global
	GlobalSection(SolutionConfigurationPlatforms) = preSolution
		Debug|Any CPU = Debug|Any CPU
		Release|Any CPU = Release|Any CPU
	EndGlobalSection
	GlobalSection(ProjectConfigurationPlatforms) = postSolution
		{460A8281-B633-4C99-8FC7-E98F5FC44A08}.Debug|Any CPU.ActiveCfg = Debug|Any CPU
		{460A8281-B633-4C99-8FC7-E98F5FC44A08}.Debug|Any CPU.Build.0 = Debug|Any CPU
		{460A8281-B633-4C99-8FC7-E98F5FC44A08}.Release|Any CPU.ActiveCfg = Release|Any CPU
		{460A8281-B633-4C99-8FC7-E98F5FC44A08}.Release|Any CPU.Build.0 = Release|Any CPU
	EndGlobalSection
	GlobalSection(SolutionProperties) = preSolution
		HideSolutionNode = FALSE
	EndGlobalSection
	GlobalSection(ExtensibilityGlobals) = postSolution
		SolutionGuid = {B20C1388-3CC7-48F3-9AF8-069DEA5CE978}
	EndGlobalSection
EndGlobal
